// !$*UTF8*$!
{
	archiveVersion = 1;
	classes = {
	};
	objectVersion = 46;
	objects = {

/* Begin PBXBuildFile section */
		270FC31C176C38E0006FBD11 /* SpriteKit.framework in Frameworks */ = {isa = PBXBuildFile; fileRef = 270FC31B176C38E0006FBD11 /* SpriteKit.framework */; };
		270FC31F176C4467006FBD11 /* touchImage.png in Resources */ = {isa = PBXBuildFile; fileRef = 270FC31D176C4467006FBD11 /* touchImage.png */; };
		270FC320176C4467006FBD11 /* touchImage.png in Resources */ = {isa = PBXBuildFile; fileRef = 270FC31D176C4467006FBD11 /* touchImage.png */; };
		270FC321176C4467006FBD11 /* touchImage@2x.png in Resources */ = {isa = PBXBuildFile; fileRef = 270FC31E176C4467006FBD11 /* touchImage@2x.png */; };
		270FC322176C4467006FBD11 /* touchImage@2x.png in Resources */ = {isa = PBXBuildFile; fileRef = 270FC31E176C4467006FBD11 /* touchImage@2x.png */; };
		270FC325176D0862006FBD11 /* ADPropertyManager.m in Sources */ = {isa = PBXBuildFile; fileRef = 270FC324176D0862006FBD11 /* ADPropertyManager.m */; };
		270FC326176D0862006FBD11 /* ADPropertyManager.m in Sources */ = {isa = PBXBuildFile; fileRef = 270FC324176D0862006FBD11 /* ADPropertyManager.m */; };
		2771A2121770FCDD00B3B7A7 /* ADSceneViewController-iPhone.xib in Resources */ = {isa = PBXBuildFile; fileRef = 2771A2111770FCDD00B3B7A7 /* ADSceneViewController-iPhone.xib */; };
		2771A2131770FCDD00B3B7A7 /* ADSceneViewController-iPhone.xib in Resources */ = {isa = PBXBuildFile; fileRef = 2771A2111770FCDD00B3B7A7 /* ADSceneViewController-iPhone.xib */; };
		277FE7A81774F207002B9F5C /* rope.png in Resources */ = {isa = PBXBuildFile; fileRef = 277FE7A71774F207002B9F5C /* rope.png */; };
		277FE7A91774F207002B9F5C /* rope.png in Resources */ = {isa = PBXBuildFile; fileRef = 277FE7A71774F207002B9F5C /* rope.png */; };
		2781D5A1176C26A000C80532 /* btnStop.png in Resources */ = {isa = PBXBuildFile; fileRef = 2781D59F176C26A000C80532 /* btnStop.png */; };
		2781D5A2176C26A000C80532 /* btnStop.png in Resources */ = {isa = PBXBuildFile; fileRef = 2781D59F176C26A000C80532 /* btnStop.png */; };
		2781D5A3176C26A000C80532 /* btnPlay.png in Resources */ = {isa = PBXBuildFile; fileRef = 2781D5A0176C26A000C80532 /* btnPlay.png */; };
		2781D5A4176C26A000C80532 /* btnPlay.png in Resources */ = {isa = PBXBuildFile; fileRef = 2781D5A0176C26A000C80532 /* btnPlay.png */; };
		27EC0786179606E500120E5D /* ADRotationView.m in Sources */ = {isa = PBXBuildFile; fileRef = 27EC0785179606E500120E5D /* ADRotationView.m */; };
		27EF5F4517711D1400DCA345 /* ADHelper.m in Sources */ = {isa = PBXBuildFile; fileRef = 27EF5F4417711D1400DCA345 /* ADHelper.m */; };
		27EF5F4617711D1400DCA345 /* ADHelper.m in Sources */ = {isa = PBXBuildFile; fileRef = 27EF5F4417711D1400DCA345 /* ADHelper.m */; };
		5C2D1127176C33DA00E31475 /* ADSelectionView.m in Sources */ = {isa = PBXBuildFile; fileRef = 5C2D1126176C33DA00E31475 /* ADSelectionView.m */; };
		5C2D1128176C33F000E31475 /* ADSelectionView.m in Sources */ = {isa = PBXBuildFile; fileRef = 5C2D1126176C33DA00E31475 /* ADSelectionView.m */; };
		5C2D112C176D619700E31475 /* QuartzCore.framework in Frameworks */ = {isa = PBXBuildFile; fileRef = 5C2D112B176D619700E31475 /* QuartzCore.framework */; };
		5C365B2717800EDE00064802 /* blackdot.png in Resources */ = {isa = PBXBuildFile; fileRef = 5C365B2517800EDE00064802 /* blackdot.png */; };
		5C365B2817800EDE00064802 /* blackdot.png in Resources */ = {isa = PBXBuildFile; fileRef = 5C365B2517800EDE00064802 /* blackdot.png */; };
		5C365B2917800EDE00064802 /* blackdot@2x.png in Resources */ = {isa = PBXBuildFile; fileRef = 5C365B2617800EDE00064802 /* blackdot@2x.png */; };
		5C365B2A17800EDE00064802 /* blackdot@2x.png in Resources */ = {isa = PBXBuildFile; fileRef = 5C365B2617800EDE00064802 /* blackdot@2x.png */; };
		5C365B2D1780125F00064802 /* pivot.png in Resources */ = {isa = PBXBuildFile; fileRef = 5C365B2B1780125F00064802 /* pivot.png */; };
		5C365B2E1780125F00064802 /* pivot.png in Resources */ = {isa = PBXBuildFile; fileRef = 5C365B2B1780125F00064802 /* pivot.png */; };
		5C365B2F1780125F00064802 /* pivot@2x.png in Resources */ = {isa = PBXBuildFile; fileRef = 5C365B2C1780125F00064802 /* pivot@2x.png */; };
		5C365B301780125F00064802 /* pivot@2x.png in Resources */ = {isa = PBXBuildFile; fileRef = 5C365B2C1780125F00064802 /* pivot@2x.png */; };
		5C365B331780148200064802 /* ADSpriteNode.m in Sources */ = {isa = PBXBuildFile; fileRef = 5C365B321780148200064802 /* ADSpriteNode.m */; };
		5C365B341780148200064802 /* ADSpriteNode.m in Sources */ = {isa = PBXBuildFile; fileRef = 5C365B321780148200064802 /* ADSpriteNode.m */; };
		5C5AC66C176AE7630019F2C8 /* ADScene.m in Sources */ = {isa = PBXBuildFile; fileRef = 5C5AC66B176AE7630019F2C8 /* ADScene.m */; };
		5C5AC66D176AE7630019F2C8 /* ADScene.m in Sources */ = {isa = PBXBuildFile; fileRef = 5C5AC66B176AE7630019F2C8 /* ADScene.m */; };
		5C5AC671176AEAF70019F2C8 /* ADNodeManager.m in Sources */ = {isa = PBXBuildFile; fileRef = 5C5AC670176AEAF70019F2C8 /* ADNodeManager.m */; };
		5C5AC672176AEAF70019F2C8 /* ADNodeManager.m in Sources */ = {isa = PBXBuildFile; fileRef = 5C5AC670176AEAF70019F2C8 /* ADNodeManager.m */; };
		5C7F9EC51770277F006E7368 /* ADSceneViewController.xib in Resources */ = {isa = PBXBuildFile; fileRef = 5C7F9EC41770277F006E7368 /* ADSceneViewController.xib */; };
		5C7F9EC61770277F006E7368 /* ADSceneViewController.xib in Resources */ = {isa = PBXBuildFile; fileRef = 5C7F9EC41770277F006E7368 /* ADSceneViewController.xib */; };
		5C9D2A5A177A950600FC0AEE /* Triangulate.mm in Sources */ = {isa = PBXBuildFile; fileRef = 5C9D2A59177A950600FC0AEE /* Triangulate.mm */; };
		5C9D2A5B177A950600FC0AEE /* Triangulate.mm in Sources */ = {isa = PBXBuildFile; fileRef = 5C9D2A59177A950600FC0AEE /* Triangulate.mm */; };
		5CA38C6C17764E66009D4EAE /* ADRopePoint.m in Sources */ = {isa = PBXBuildFile; fileRef = 5CA38C6517764E66009D4EAE /* ADRopePoint.m */; };
		5CA38C6D17764E66009D4EAE /* ADRopePoint.m in Sources */ = {isa = PBXBuildFile; fileRef = 5CA38C6517764E66009D4EAE /* ADRopePoint.m */; };
		5CA38C6E17764E66009D4EAE /* ADRope.m in Sources */ = {isa = PBXBuildFile; fileRef = 5CA38C6717764E66009D4EAE /* ADRope.m */; };
		5CA38C6F17764E66009D4EAE /* ADRope.m in Sources */ = {isa = PBXBuildFile; fileRef = 5CA38C6717764E66009D4EAE /* ADRope.m */; };
		5CA38C7017764E66009D4EAE /* ADStick.m in Sources */ = {isa = PBXBuildFile; fileRef = 5CA38C6917764E66009D4EAE /* ADStick.m */; };
		5CA38C7117764E66009D4EAE /* ADStick.m in Sources */ = {isa = PBXBuildFile; fileRef = 5CA38C6917764E66009D4EAE /* ADStick.m */; };
		5CBB4220177805CC00BC6C59 /* ADNode.m in Sources */ = {isa = PBXBuildFile; fileRef = 5CBB421F177805CC00BC6C59 /* ADNode.m */; };
		5CBB4221177805CC00BC6C59 /* ADNode.m in Sources */ = {isa = PBXBuildFile; fileRef = 5CBB421F177805CC00BC6C59 /* ADNode.m */; };
		5CD370CE176AE39700B689AC /* Foundation.framework in Frameworks */ = {isa = PBXBuildFile; fileRef = 5CD370CD176AE39700B689AC /* Foundation.framework */; };
		5CD370D0176AE39700B689AC /* CoreGraphics.framework in Frameworks */ = {isa = PBXBuildFile; fileRef = 5CD370CF176AE39700B689AC /* CoreGraphics.framework */; };
		5CD370D2176AE39700B689AC /* UIKit.framework in Frameworks */ = {isa = PBXBuildFile; fileRef = 5CD370D1176AE39700B689AC /* UIKit.framework */; };
		5CD370D8176AE39700B689AC /* InfoPlist.strings in Resources */ = {isa = PBXBuildFile; fileRef = 5CD370D6176AE39700B689AC /* InfoPlist.strings */; };
		5CD370DA176AE39700B689AC /* main.m in Sources */ = {isa = PBXBuildFile; fileRef = 5CD370D9176AE39700B689AC /* main.m */; };
		5CD370DE176AE39700B689AC /* ADAppDelegate.m in Sources */ = {isa = PBXBuildFile; fileRef = 5CD370DD176AE39700B689AC /* ADAppDelegate.m */; };
		5CD370E0176AE39700B689AC /* Images.xcassets in Resources */ = {isa = PBXBuildFile; fileRef = 5CD370DF176AE39700B689AC /* Images.xcassets */; };
		5CD370E7176AE39700B689AC /* XCTest.framework in Frameworks */ = {isa = PBXBuildFile; fileRef = 5CD370E6176AE39700B689AC /* XCTest.framework */; };
		5CD370E8176AE39700B689AC /* Foundation.framework in Frameworks */ = {isa = PBXBuildFile; fileRef = 5CD370CD176AE39700B689AC /* Foundation.framework */; };
		5CD370E9176AE39700B689AC /* UIKit.framework in Frameworks */ = {isa = PBXBuildFile; fileRef = 5CD370D1176AE39700B689AC /* UIKit.framework */; };
		5CD370F1176AE39700B689AC /* InfoPlist.strings in Resources */ = {isa = PBXBuildFile; fileRef = 5CD370EF176AE39700B689AC /* InfoPlist.strings */; };
		5CD370F3176AE39700B689AC /* PhykidsTests.m in Sources */ = {isa = PBXBuildFile; fileRef = 5CD370F2176AE39700B689AC /* PhykidsTests.m */; };
		5CD37106176AE43100B689AC /* ADSceneViewController.m in Sources */ = {isa = PBXBuildFile; fileRef = 5CD37105176AE43100B689AC /* ADSceneViewController.m */; };
		5CD37107176AE43100B689AC /* ADSceneViewController.m in Sources */ = {isa = PBXBuildFile; fileRef = 5CD37105176AE43100B689AC /* ADSceneViewController.m */; };
		5CE7CA971781FF8500F12A01 /* browndot.png in Resources */ = {isa = PBXBuildFile; fileRef = 5CE7CA951781FF8500F12A01 /* browndot.png */; };
		5CE7CA981781FF8500F12A01 /* browndot.png in Resources */ = {isa = PBXBuildFile; fileRef = 5CE7CA951781FF8500F12A01 /* browndot.png */; };
		5CE7CA991781FF8500F12A01 /* browndot@2x.png in Resources */ = {isa = PBXBuildFile; fileRef = 5CE7CA961781FF8500F12A01 /* browndot@2x.png */; };
		5CE7CA9A1781FF8500F12A01 /* browndot@2x.png in Resources */ = {isa = PBXBuildFile; fileRef = 5CE7CA961781FF8500F12A01 /* browndot@2x.png */; };
/* End PBXBuildFile section */

/* Begin PBXContainerItemProxy section */
		5CD370EA176AE39700B689AC /* PBXContainerItemProxy */ = {
			isa = PBXContainerItemProxy;
			containerPortal = 5CD370C2176AE39700B689AC /* Project object */;
			proxyType = 1;
			remoteGlobalIDString = 5CD370C9176AE39700B689AC;
			remoteInfo = Phykids;
		};
/* End PBXContainerItemProxy section */

/* Begin PBXFileReference section */
		270FC31B176C38E0006FBD11 /* SpriteKit.framework */ = {isa = PBXFileReference; lastKnownFileType = wrapper.framework; name = SpriteKit.framework; path = System/Library/Frameworks/SpriteKit.framework; sourceTree = SDKROOT; };
		270FC31D176C4467006FBD11 /* touchImage.png */ = {isa = PBXFileReference; lastKnownFileType = image.png; path = touchImage.png; sourceTree = "<group>"; };
		270FC31E176C4467006FBD11 /* touchImage@2x.png */ = {isa = PBXFileReference; lastKnownFileType = image.png; path = "touchImage@2x.png"; sourceTree = "<group>"; };
		270FC323176D0862006FBD11 /* ADPropertyManager.h */ = {isa = PBXFileReference; fileEncoding = 4; lastKnownFileType = sourcecode.c.h; path = ADPropertyManager.h; sourceTree = "<group>"; };
		270FC324176D0862006FBD11 /* ADPropertyManager.m */ = {isa = PBXFileReference; fileEncoding = 4; lastKnownFileType = sourcecode.c.objc; path = ADPropertyManager.m; sourceTree = "<group>"; };
		2771A2111770FCDD00B3B7A7 /* ADSceneViewController-iPhone.xib */ = {isa = PBXFileReference; fileEncoding = 4; lastKnownFileType = file.xib; path = "ADSceneViewController-iPhone.xib"; sourceTree = "<group>"; };
		277FE7A71774F207002B9F5C /* rope.png */ = {isa = PBXFileReference; lastKnownFileType = image.png; path = rope.png; sourceTree = "<group>"; };
		2781D59F176C26A000C80532 /* btnStop.png */ = {isa = PBXFileReference; lastKnownFileType = image.png; path = btnStop.png; sourceTree = "<group>"; };
		2781D5A0176C26A000C80532 /* btnPlay.png */ = {isa = PBXFileReference; lastKnownFileType = image.png; path = btnPlay.png; sourceTree = "<group>"; };
		27EC0784179606E500120E5D /* ADRotationView.h */ = {isa = PBXFileReference; fileEncoding = 4; lastKnownFileType = sourcecode.c.h; path = ADRotationView.h; sourceTree = "<group>"; };
		27EC0785179606E500120E5D /* ADRotationView.m */ = {isa = PBXFileReference; fileEncoding = 4; lastKnownFileType = sourcecode.c.objc; path = ADRotationView.m; sourceTree = "<group>"; };
		27EF5F431771190800DCA345 /* ADHelper.h */ = {isa = PBXFileReference; lastKnownFileType = sourcecode.c.h; path = ADHelper.h; sourceTree = "<group>"; };
		27EF5F4417711D1400DCA345 /* ADHelper.m */ = {isa = PBXFileReference; fileEncoding = 4; lastKnownFileType = sourcecode.c.objc; path = ADHelper.m; sourceTree = "<group>"; };
		5C2D1125176C33DA00E31475 /* ADSelectionView.h */ = {isa = PBXFileReference; fileEncoding = 4; lastKnownFileType = sourcecode.c.h; path = ADSelectionView.h; sourceTree = "<group>"; };
		5C2D1126176C33DA00E31475 /* ADSelectionView.m */ = {isa = PBXFileReference; fileEncoding = 4; lastKnownFileType = sourcecode.c.objc; path = ADSelectionView.m; sourceTree = "<group>"; };
		5C2D112B176D619700E31475 /* QuartzCore.framework */ = {isa = PBXFileReference; lastKnownFileType = wrapper.framework; name = QuartzCore.framework; path = System/Library/Frameworks/QuartzCore.framework; sourceTree = SDKROOT; };
		5C365B2517800EDE00064802 /* blackdot.png */ = {isa = PBXFileReference; lastKnownFileType = image.png; path = blackdot.png; sourceTree = "<group>"; };
		5C365B2617800EDE00064802 /* blackdot@2x.png */ = {isa = PBXFileReference; lastKnownFileType = image.png; path = "blackdot@2x.png"; sourceTree = "<group>"; };
		5C365B2B1780125F00064802 /* pivot.png */ = {isa = PBXFileReference; lastKnownFileType = image.png; path = pivot.png; sourceTree = "<group>"; };
		5C365B2C1780125F00064802 /* pivot@2x.png */ = {isa = PBXFileReference; lastKnownFileType = image.png; path = "pivot@2x.png"; sourceTree = "<group>"; };
		5C365B311780148200064802 /* ADSpriteNode.h */ = {isa = PBXFileReference; fileEncoding = 4; lastKnownFileType = sourcecode.c.h; path = ADSpriteNode.h; sourceTree = "<group>"; };
		5C365B321780148200064802 /* ADSpriteNode.m */ = {isa = PBXFileReference; fileEncoding = 4; lastKnownFileType = sourcecode.c.objc; path = ADSpriteNode.m; sourceTree = "<group>"; };
		5C5AC66A176AE7630019F2C8 /* ADScene.h */ = {isa = PBXFileReference; fileEncoding = 4; lastKnownFileType = sourcecode.c.h; path = ADScene.h; sourceTree = "<group>"; };
		5C5AC66B176AE7630019F2C8 /* ADScene.m */ = {isa = PBXFileReference; fileEncoding = 4; lastKnownFileType = sourcecode.c.objc; path = ADScene.m; sourceTree = "<group>"; };
		5C5AC66F176AEAF70019F2C8 /* ADNodeManager.h */ = {isa = PBXFileReference; fileEncoding = 4; lastKnownFileType = sourcecode.c.h; path = ADNodeManager.h; sourceTree = "<group>"; };
		5C5AC670176AEAF70019F2C8 /* ADNodeManager.m */ = {isa = PBXFileReference; fileEncoding = 4; lastKnownFileType = sourcecode.c.objc; path = ADNodeManager.m; sourceTree = "<group>"; };
		5C7F9EC41770277F006E7368 /* ADSceneViewController.xib */ = {isa = PBXFileReference; fileEncoding = 4; lastKnownFileType = file.xib; path = ADSceneViewController.xib; sourceTree = "<group>"; };
		5C9D2A58177A950600FC0AEE /* Triangulate.h */ = {isa = PBXFileReference; fileEncoding = 4; lastKnownFileType = sourcecode.c.h; path = Triangulate.h; sourceTree = "<group>"; };
		5C9D2A59177A950600FC0AEE /* Triangulate.mm */ = {isa = PBXFileReference; fileEncoding = 4; lastKnownFileType = sourcecode.cpp.objcpp; path = Triangulate.mm; sourceTree = "<group>"; };
		5CA38C6417764E66009D4EAE /* ADRopePoint.h */ = {isa = PBXFileReference; fileEncoding = 4; lastKnownFileType = sourcecode.c.h; path = ADRopePoint.h; sourceTree = "<group>"; };
		5CA38C6517764E66009D4EAE /* ADRopePoint.m */ = {isa = PBXFileReference; fileEncoding = 4; lastKnownFileType = sourcecode.c.objc; path = ADRopePoint.m; sourceTree = "<group>"; };
		5CA38C6617764E66009D4EAE /* ADRope.h */ = {isa = PBXFileReference; fileEncoding = 4; lastKnownFileType = sourcecode.c.h; path = ADRope.h; sourceTree = "<group>"; };
		5CA38C6717764E66009D4EAE /* ADRope.m */ = {isa = PBXFileReference; fileEncoding = 4; lastKnownFileType = sourcecode.c.objc; path = ADRope.m; sourceTree = "<group>"; };
		5CA38C6817764E66009D4EAE /* ADStick.h */ = {isa = PBXFileReference; fileEncoding = 4; lastKnownFileType = sourcecode.c.h; path = ADStick.h; sourceTree = "<group>"; };
		5CA38C6917764E66009D4EAE /* ADStick.m */ = {isa = PBXFileReference; fileEncoding = 4; lastKnownFileType = sourcecode.c.objc; path = ADStick.m; sourceTree = "<group>"; };
		5CBB421E177805CC00BC6C59 /* ADNode.h */ = {isa = PBXFileReference; fileEncoding = 4; lastKnownFileType = sourcecode.c.h; path = ADNode.h; sourceTree = "<group>"; };
		5CBB421F177805CC00BC6C59 /* ADNode.m */ = {isa = PBXFileReference; fileEncoding = 4; lastKnownFileType = sourcecode.c.objc; path = ADNode.m; sourceTree = "<group>"; };
		5CD370CA176AE39700B689AC /* Phykids.app */ = {isa = PBXFileReference; explicitFileType = wrapper.application; includeInIndex = 0; path = Phykids.app; sourceTree = BUILT_PRODUCTS_DIR; };
		5CD370CD176AE39700B689AC /* Foundation.framework */ = {isa = PBXFileReference; lastKnownFileType = wrapper.framework; name = Foundation.framework; path = System/Library/Frameworks/Foundation.framework; sourceTree = SDKROOT; };
		5CD370CF176AE39700B689AC /* CoreGraphics.framework */ = {isa = PBXFileReference; lastKnownFileType = wrapper.framework; name = CoreGraphics.framework; path = System/Library/Frameworks/CoreGraphics.framework; sourceTree = SDKROOT; };
		5CD370D1176AE39700B689AC /* UIKit.framework */ = {isa = PBXFileReference; lastKnownFileType = wrapper.framework; name = UIKit.framework; path = System/Library/Frameworks/UIKit.framework; sourceTree = SDKROOT; };
		5CD370D5176AE39700B689AC /* Phykids-Info.plist */ = {isa = PBXFileReference; lastKnownFileType = text.plist.xml; path = "Phykids-Info.plist"; sourceTree = "<group>"; };
		5CD370D7176AE39700B689AC /* en */ = {isa = PBXFileReference; lastKnownFileType = text.plist.strings; name = en; path = en.lproj/InfoPlist.strings; sourceTree = "<group>"; };
		5CD370D9176AE39700B689AC /* main.m */ = {isa = PBXFileReference; lastKnownFileType = sourcecode.c.objc; path = main.m; sourceTree = "<group>"; };
		5CD370DB176AE39700B689AC /* Phykids-Prefix.pch */ = {isa = PBXFileReference; lastKnownFileType = sourcecode.c.h; path = "Phykids-Prefix.pch"; sourceTree = "<group>"; };
		5CD370DC176AE39700B689AC /* ADAppDelegate.h */ = {isa = PBXFileReference; lastKnownFileType = sourcecode.c.h; path = ADAppDelegate.h; sourceTree = "<group>"; };
		5CD370DD176AE39700B689AC /* ADAppDelegate.m */ = {isa = PBXFileReference; lastKnownFileType = sourcecode.c.objc; path = ADAppDelegate.m; sourceTree = "<group>"; };
		5CD370DF176AE39700B689AC /* Images.xcassets */ = {isa = PBXFileReference; lastKnownFileType = folder.assetcatalog; path = Images.xcassets; sourceTree = "<group>"; };
		5CD370E5176AE39700B689AC /* PhykidsTests.xctest */ = {isa = PBXFileReference; explicitFileType = wrapper.cfbundle; includeInIndex = 0; path = PhykidsTests.xctest; sourceTree = BUILT_PRODUCTS_DIR; };
		5CD370E6176AE39700B689AC /* XCTest.framework */ = {isa = PBXFileReference; lastKnownFileType = wrapper.framework; name = XCTest.framework; path = Library/Frameworks/XCTest.framework; sourceTree = DEVELOPER_DIR; };
		5CD370EE176AE39700B689AC /* PhykidsTests-Info.plist */ = {isa = PBXFileReference; lastKnownFileType = text.plist.xml; path = "PhykidsTests-Info.plist"; sourceTree = "<group>"; };
		5CD370F0176AE39700B689AC /* en */ = {isa = PBXFileReference; lastKnownFileType = text.plist.strings; name = en; path = en.lproj/InfoPlist.strings; sourceTree = "<group>"; };
		5CD370F2176AE39700B689AC /* PhykidsTests.m */ = {isa = PBXFileReference; lastKnownFileType = sourcecode.c.objc; path = PhykidsTests.m; sourceTree = "<group>"; };
		5CD37104176AE43100B689AC /* ADSceneViewController.h */ = {isa = PBXFileReference; fileEncoding = 4; lastKnownFileType = sourcecode.c.h; path = ADSceneViewController.h; sourceTree = "<group>"; };
		5CD37105176AE43100B689AC /* ADSceneViewController.m */ = {isa = PBXFileReference; fileEncoding = 4; lastKnownFileType = sourcecode.c.objc; path = ADSceneViewController.m; sourceTree = "<group>"; };
		5CE7CA951781FF8500F12A01 /* browndot.png */ = {isa = PBXFileReference; lastKnownFileType = image.png; path = browndot.png; sourceTree = "<group>"; };
		5CE7CA961781FF8500F12A01 /* browndot@2x.png */ = {isa = PBXFileReference; lastKnownFileType = image.png; path = "browndot@2x.png"; sourceTree = "<group>"; };
/* End PBXFileReference section */

/* Begin PBXFrameworksBuildPhase section */
		5CD370C7176AE39700B689AC /* Frameworks */ = {
			isa = PBXFrameworksBuildPhase;
			buildActionMask = 2147483647;
			files = (
				5C2D112C176D619700E31475 /* QuartzCore.framework in Frameworks */,
				270FC31C176C38E0006FBD11 /* SpriteKit.framework in Frameworks */,
				5CD370D0176AE39700B689AC /* CoreGraphics.framework in Frameworks */,
				5CD370D2176AE39700B689AC /* UIKit.framework in Frameworks */,
				5CD370CE176AE39700B689AC /* Foundation.framework in Frameworks */,
			);
			runOnlyForDeploymentPostprocessing = 0;
		};
		5CD370E2176AE39700B689AC /* Frameworks */ = {
			isa = PBXFrameworksBuildPhase;
			buildActionMask = 2147483647;
			files = (
				5CD370E7176AE39700B689AC /* XCTest.framework in Frameworks */,
				5CD370E9176AE39700B689AC /* UIKit.framework in Frameworks */,
				5CD370E8176AE39700B689AC /* Foundation.framework in Frameworks */,
			);
			runOnlyForDeploymentPostprocessing = 0;
		};
/* End PBXFrameworksBuildPhase section */

/* Begin PBXGroup section */
		2781D59C176C266500C80532 /* Resources */ = {
			isa = PBXGroup;
			children = (
				2781D59E176C268C00C80532 /* Images */,
			);
			name = Resources;
			path = Phykids;
			sourceTree = "<group>";
		};
		2781D59E176C268C00C80532 /* Images */ = {
			isa = PBXGroup;
			children = (
				5CE7CA951781FF8500F12A01 /* browndot.png */,
				5CE7CA961781FF8500F12A01 /* browndot@2x.png */,
				5C365B2B1780125F00064802 /* pivot.png */,
				5C365B2C1780125F00064802 /* pivot@2x.png */,
				5C365B2517800EDE00064802 /* blackdot.png */,
				5C365B2617800EDE00064802 /* blackdot@2x.png */,
				2781D59F176C26A000C80532 /* btnStop.png */,
				2781D5A0176C26A000C80532 /* btnPlay.png */,
				277FE7A71774F207002B9F5C /* rope.png */,
				270FC31D176C4467006FBD11 /* touchImage.png */,
				270FC31E176C4467006FBD11 /* touchImage@2x.png */,
			);
			path = Images;
			sourceTree = "<group>";
		};
		5CA38C6117764E5A009D4EAE /* VRope */ = {
			isa = PBXGroup;
			children = (
				5CA38C6417764E66009D4EAE /* ADRopePoint.h */,
				5CA38C6517764E66009D4EAE /* ADRopePoint.m */,
				5CA38C6617764E66009D4EAE /* ADRope.h */,
				5CA38C6717764E66009D4EAE /* ADRope.m */,
				5CA38C6817764E66009D4EAE /* ADStick.h */,
				5CA38C6917764E66009D4EAE /* ADStick.m */,
			);
			path = VRope;
			sourceTree = "<group>";
		};
		5CD370C1176AE39700B689AC = {
			isa = PBXGroup;
			children = (
				5CD370D3176AE39700B689AC /* Phykids */,
				2781D59C176C266500C80532 /* Resources */,
				5CD370EC176AE39700B689AC /* PhykidsTests */,
				5CD370CC176AE39700B689AC /* Frameworks */,
				5CD370CB176AE39700B689AC /* Products */,
			);
			sourceTree = "<group>";
		};
		5CD370CB176AE39700B689AC /* Products */ = {
			isa = PBXGroup;
			children = (
				5CD370CA176AE39700B689AC /* Phykids.app */,
				5CD370E5176AE39700B689AC /* PhykidsTests.xctest */,
			);
			name = Products;
			sourceTree = "<group>";
		};
		5CD370CC176AE39700B689AC /* Frameworks */ = {
			isa = PBXGroup;
			children = (
				5C2D112B176D619700E31475 /* QuartzCore.framework */,
				270FC31B176C38E0006FBD11 /* SpriteKit.framework */,
				5CD370CD176AE39700B689AC /* Foundation.framework */,
				5CD370CF176AE39700B689AC /* CoreGraphics.framework */,
				5CD370D1176AE39700B689AC /* UIKit.framework */,
				5CD370E6176AE39700B689AC /* XCTest.framework */,
			);
			name = Frameworks;
			sourceTree = "<group>";
		};
		5CD370D3176AE39700B689AC /* Phykids */ = {
			isa = PBXGroup;
			children = (
				5CD370DC176AE39700B689AC /* ADAppDelegate.h */,
				5CD370DD176AE39700B689AC /* ADAppDelegate.m */,
				5CD370FC176AE3C800B689AC /* Scene */,
				5CD370DF176AE39700B689AC /* Images.xcassets */,
				5CD370D4176AE39700B689AC /* Supporting Files */,
			);
			path = Phykids;
			sourceTree = "<group>";
		};
		5CD370D4176AE39700B689AC /* Supporting Files */ = {
			isa = PBXGroup;
			children = (
				5CD370D5176AE39700B689AC /* Phykids-Info.plist */,
				5CD370D6176AE39700B689AC /* InfoPlist.strings */,
				5CD370D9176AE39700B689AC /* main.m */,
				5CD370DB176AE39700B689AC /* Phykids-Prefix.pch */,
			);
			name = "Supporting Files";
			sourceTree = "<group>";
		};
		5CD370EC176AE39700B689AC /* PhykidsTests */ = {
			isa = PBXGroup;
			children = (
				5CD370F2176AE39700B689AC /* PhykidsTests.m */,
				5CD370ED176AE39700B689AC /* Supporting Files */,
			);
			path = PhykidsTests;
			sourceTree = "<group>";
		};
		5CD370ED176AE39700B689AC /* Supporting Files */ = {
			isa = PBXGroup;
			children = (
				5CD370EE176AE39700B689AC /* PhykidsTests-Info.plist */,
				5CD370EF176AE39700B689AC /* InfoPlist.strings */,
			);
			name = "Supporting Files";
			sourceTree = "<group>";
		};
		5CD370FC176AE3C800B689AC /* Scene */ = {
			isa = PBXGroup;
			children = (
				5CD37104176AE43100B689AC /* ADSceneViewController.h */,
				5CD37105176AE43100B689AC /* ADSceneViewController.m */,
				5C7F9EC41770277F006E7368 /* ADSceneViewController.xib */,
				2771A2111770FCDD00B3B7A7 /* ADSceneViewController-iPhone.xib */,
				5C5AC66A176AE7630019F2C8 /* ADScene.h */,
				5C5AC66B176AE7630019F2C8 /* ADScene.m */,
				5C2D1125176C33DA00E31475 /* ADSelectionView.h */,
				5C2D1126176C33DA00E31475 /* ADSelectionView.m */,
				5C5AC66F176AEAF70019F2C8 /* ADNodeManager.h */,
				5C5AC670176AEAF70019F2C8 /* ADNodeManager.m */,
				270FC323176D0862006FBD11 /* ADPropertyManager.h */,
				270FC324176D0862006FBD11 /* ADPropertyManager.m */,
				27EF5F431771190800DCA345 /* ADHelper.h */,
				27EF5F4417711D1400DCA345 /* ADHelper.m */,
				5CBB421E177805CC00BC6C59 /* ADNode.h */,
				5CBB421F177805CC00BC6C59 /* ADNode.m */,
				5C365B311780148200064802 /* ADSpriteNode.h */,
				5C365B321780148200064802 /* ADSpriteNode.m */,
				5C9D2A58177A950600FC0AEE /* Triangulate.h */,
				5C9D2A59177A950600FC0AEE /* Triangulate.mm */,
				27EC0784179606E500120E5D /* ADRotationView.h */,
				27EC0785179606E500120E5D /* ADRotationView.m */,
				5CA38C6117764E5A009D4EAE /* VRope */,
			);
			path = Scene;
			sourceTree = "<group>";
		};
/* End PBXGroup section */

/* Begin PBXNativeTarget section */
		5CD370C9176AE39700B689AC /* Phykids */ = {
			isa = PBXNativeTarget;
			buildConfigurationList = 5CD370F6176AE39700B689AC /* Build configuration list for PBXNativeTarget "Phykids" */;
			buildPhases = (
				5CD370C6176AE39700B689AC /* Sources */,
				5CD370C7176AE39700B689AC /* Frameworks */,
				5CD370C8176AE39700B689AC /* Resources */,
			);
			buildRules = (
			);
			dependencies = (
			);
			name = Phykids;
			productName = Phykids;
			productReference = 5CD370CA176AE39700B689AC /* Phykids.app */;
			productType = "com.apple.product-type.application";
		};
		5CD370E4176AE39700B689AC /* PhykidsTests */ = {
			isa = PBXNativeTarget;
			buildConfigurationList = 5CD370F9176AE39700B689AC /* Build configuration list for PBXNativeTarget "PhykidsTests" */;
			buildPhases = (
				5CD370E1176AE39700B689AC /* Sources */,
				5CD370E2176AE39700B689AC /* Frameworks */,
				5CD370E3176AE39700B689AC /* Resources */,
			);
			buildRules = (
			);
			dependencies = (
				5CD370EB176AE39700B689AC /* PBXTargetDependency */,
			);
			name = PhykidsTests;
			productName = PhykidsTests;
			productReference = 5CD370E5176AE39700B689AC /* PhykidsTests.xctest */;
			productType = "com.apple.product-type.bundle.unit-test";
		};
/* End PBXNativeTarget section */

/* Begin PBXProject section */
		5CD370C2176AE39700B689AC /* Project object */ = {
			isa = PBXProject;
			attributes = {
				CLASSPREFIX = AD;
				LastUpgradeCheck = 0500;
				ORGANIZATIONNAME = "Appdios Inc.";
				TargetAttributes = {
					5CD370E4176AE39700B689AC = {
						TestTargetID = 5CD370C9176AE39700B689AC;
					};
				};
			};
			buildConfigurationList = 5CD370C5176AE39700B689AC /* Build configuration list for PBXProject "Phykids" */;
			compatibilityVersion = "Xcode 3.2";
			developmentRegion = English;
			hasScannedForEncodings = 0;
			knownRegions = (
				en,
			);
			mainGroup = 5CD370C1176AE39700B689AC;
			productRefGroup = 5CD370CB176AE39700B689AC /* Products */;
			projectDirPath = "";
			projectRoot = "";
			targets = (
				5CD370C9176AE39700B689AC /* Phykids */,
				5CD370E4176AE39700B689AC /* PhykidsTests */,
			);
		};
/* End PBXProject section */

/* Begin PBXResourcesBuildPhase section */
		5CD370C8176AE39700B689AC /* Resources */ = {
			isa = PBXResourcesBuildPhase;
			buildActionMask = 2147483647;
			files = (
				2781D5A3176C26A000C80532 /* btnPlay.png in Resources */,
				5CD370D8176AE39700B689AC /* InfoPlist.strings in Resources */,
				5CE7CA971781FF8500F12A01 /* browndot.png in Resources */,
				5C365B2D1780125F00064802 /* pivot.png in Resources */,
				277FE7A81774F207002B9F5C /* rope.png in Resources */,
				5C365B2717800EDE00064802 /* blackdot.png in Resources */,
				5C365B2917800EDE00064802 /* blackdot@2x.png in Resources */,
				270FC31F176C4467006FBD11 /* touchImage.png in Resources */,
				5C7F9EC51770277F006E7368 /* ADSceneViewController.xib in Resources */,
				2781D5A1176C26A000C80532 /* btnStop.png in Resources */,
				270FC321176C4467006FBD11 /* touchImage@2x.png in Resources */,
				5C365B2F1780125F00064802 /* pivot@2x.png in Resources */,
				2771A2121770FCDD00B3B7A7 /* ADSceneViewController-iPhone.xib in Resources */,
				5CD370E0176AE39700B689AC /* Images.xcassets in Resources */,
				5CE7CA991781FF8500F12A01 /* browndot@2x.png in Resources */,
			);
			runOnlyForDeploymentPostprocessing = 0;
		};
		5CD370E3176AE39700B689AC /* Resources */ = {
			isa = PBXResourcesBuildPhase;
			buildActionMask = 2147483647;
			files = (
				2771A2131770FCDD00B3B7A7 /* ADSceneViewController-iPhone.xib in Resources */,
				277FE7A91774F207002B9F5C /* rope.png in Resources */,
				5C365B2E1780125F00064802 /* pivot.png in Resources */,
				5C365B301780125F00064802 /* pivot@2x.png in Resources */,
				5C7F9EC61770277F006E7368 /* ADSceneViewController.xib in Resources */,
				5CE7CA981781FF8500F12A01 /* browndot.png in Resources */,
				2781D5A2176C26A000C80532 /* btnStop.png in Resources */,
				5CE7CA9A1781FF8500F12A01 /* browndot@2x.png in Resources */,
				5CD370F1176AE39700B689AC /* InfoPlist.strings in Resources */,
				2781D5A4176C26A000C80532 /* btnPlay.png in Resources */,
				270FC320176C4467006FBD11 /* touchImage.png in Resources */,
				5C365B2817800EDE00064802 /* blackdot.png in Resources */,
				5C365B2A17800EDE00064802 /* blackdot@2x.png in Resources */,
				270FC322176C4467006FBD11 /* touchImage@2x.png in Resources */,
			);
			runOnlyForDeploymentPostprocessing = 0;
		};
/* End PBXResourcesBuildPhase section */

/* Begin PBXSourcesBuildPhase section */
		5CD370C6176AE39700B689AC /* Sources */ = {
			isa = PBXSourcesBuildPhase;
			buildActionMask = 2147483647;
			files = (
				27EC0786179606E500120E5D /* ADRotationView.m in Sources */,
				5CA38C6E17764E66009D4EAE /* ADRope.m in Sources */,
				27EF5F4517711D1400DCA345 /* ADHelper.m in Sources */,
				5CD37106176AE43100B689AC /* ADSceneViewController.m in Sources */,
				5CD370DA176AE39700B689AC /* main.m in Sources */,
				5CBB4220177805CC00BC6C59 /* ADNode.m in Sources */,
				5CA38C7017764E66009D4EAE /* ADStick.m in Sources */,
				5CA38C6C17764E66009D4EAE /* ADRopePoint.m in Sources */,
				5C365B331780148200064802 /* ADSpriteNode.m in Sources */,
				5CD370DE176AE39700B689AC /* ADAppDelegate.m in Sources */,
				270FC325176D0862006FBD11 /* ADPropertyManager.m in Sources */,
				5C5AC66C176AE7630019F2C8 /* ADScene.m in Sources */,
				5C2D1127176C33DA00E31475 /* ADSelectionView.m in Sources */,
				5C9D2A5A177A950600FC0AEE /* Triangulate.mm in Sources */,
				5C5AC671176AEAF70019F2C8 /* ADNodeManager.m in Sources */,
			);
			runOnlyForDeploymentPostprocessing = 0;
		};
		5CD370E1176AE39700B689AC /* Sources */ = {
			isa = PBXSourcesBuildPhase;
			buildActionMask = 2147483647;
			files = (
				5CD37107176AE43100B689AC /* ADSceneViewController.m in Sources */,
				5CA38C6F17764E66009D4EAE /* ADRope.m in Sources */,
				5CA38C7117764E66009D4EAE /* ADStick.m in Sources */,
				5C2D1128176C33F000E31475 /* ADSelectionView.m in Sources */,
				5C5AC672176AEAF70019F2C8 /* ADNodeManager.m in Sources */,
				5C5AC66D176AE7630019F2C8 /* ADScene.m in Sources */,
				5CD370F3176AE39700B689AC /* PhykidsTests.m in Sources */,
				270FC326176D0862006FBD11 /* ADPropertyManager.m in Sources */,
				5C365B341780148200064802 /* ADSpriteNode.m in Sources */,
				27EF5F4617711D1400DCA345 /* ADHelper.m in Sources */,
				5C9D2A5B177A950600FC0AEE /* Triangulate.mm in Sources */,
				5CBB4221177805CC00BC6C59 /* ADNode.m in Sources */,
				5CA38C6D17764E66009D4EAE /* ADRopePoint.m in Sources */,
			);
			runOnlyForDeploymentPostprocessing = 0;
		};
/* End PBXSourcesBuildPhase section */

/* Begin PBXTargetDependency section */
		5CD370EB176AE39700B689AC /* PBXTargetDependency */ = {
			isa = PBXTargetDependency;
			target = 5CD370C9176AE39700B689AC /* Phykids */;
			targetProxy = 5CD370EA176AE39700B689AC /* PBXContainerItemProxy */;
		};
/* End PBXTargetDependency section */

/* Begin PBXVariantGroup section */
		5CD370D6176AE39700B689AC /* InfoPlist.strings */ = {
			isa = PBXVariantGroup;
			children = (
				5CD370D7176AE39700B689AC /* en */,
			);
			name = InfoPlist.strings;
			sourceTree = "<group>";
		};
		5CD370EF176AE39700B689AC /* InfoPlist.strings */ = {
			isa = PBXVariantGroup;
			children = (
				5CD370F0176AE39700B689AC /* en */,
			);
			name = InfoPlist.strings;
			sourceTree = "<group>";
		};
/* End PBXVariantGroup section */

/* Begin XCBuildConfiguration section */
		5CD370F4176AE39700B689AC /* Debug */ = {
			isa = XCBuildConfiguration;
			buildSettings = {
				ALWAYS_SEARCH_USER_PATHS = NO;
				CLANG_CXX_LANGUAGE_STANDARD = "gnu++0x";
				CLANG_CXX_LIBRARY = "libc++";
				CLANG_ENABLE_MODULES = YES;
				CLANG_ENABLE_OBJC_ARC = YES;
				CLANG_WARN_BOOL_CONVERSION = YES;
				CLANG_WARN_CONSTANT_CONVERSION = YES;
				CLANG_WARN_DIRECT_OBJC_ISA_USAGE = YES_ERROR;
				CLANG_WARN_EMPTY_BODY = YES;
				CLANG_WARN_ENUM_CONVERSION = YES;
				CLANG_WARN_INT_CONVERSION = YES;
				CLANG_WARN_OBJC_ROOT_CLASS = YES_ERROR;
				CLANG_WARN__DUPLICATE_METHOD_MATCH = YES;
				"CODE_SIGN_IDENTITY[sdk=iphoneos*]" = "iPhone Developer";
				COPY_PHASE_STRIP = NO;
				GCC_C_LANGUAGE_STANDARD = gnu99;
				GCC_DYNAMIC_NO_PIC = NO;
				GCC_OPTIMIZATION_LEVEL = 0;
				GCC_PREPROCESSOR_DEFINITIONS = (
					"DEBUG=1",
					"$(inherited)",
				);
				GCC_SYMBOLS_PRIVATE_EXTERN = NO;
				GCC_WARN_ABOUT_RETURN_TYPE = YES_ERROR;
				GCC_WARN_UNDECLARED_SELECTOR = YES;
				GCC_WARN_UNINITIALIZED_AUTOS = YES;
				GCC_WARN_UNUSED_FUNCTION = YES;
				GCC_WARN_UNUSED_VARIABLE = YES;
				IPHONEOS_DEPLOYMENT_TARGET = 7.0;
				ONLY_ACTIVE_ARCH = YES;
				SDKROOT = iphoneos;
				TARGETED_DEVICE_FAMILY = "1,2";
			};
			name = Debug;
		};
		5CD370F5176AE39700B689AC /* Release */ = {
			isa = XCBuildConfiguration;
			buildSettings = {
				ALWAYS_SEARCH_USER_PATHS = NO;
				CLANG_CXX_LANGUAGE_STANDARD = "gnu++0x";
				CLANG_CXX_LIBRARY = "libc++";
				CLANG_ENABLE_MODULES = YES;
				CLANG_ENABLE_OBJC_ARC = YES;
				CLANG_WARN_BOOL_CONVERSION = YES;
				CLANG_WARN_CONSTANT_CONVERSION = YES;
				CLANG_WARN_DIRECT_OBJC_ISA_USAGE = YES_ERROR;
				CLANG_WARN_EMPTY_BODY = YES;
				CLANG_WARN_ENUM_CONVERSION = YES;
				CLANG_WARN_INT_CONVERSION = YES;
				CLANG_WARN_OBJC_ROOT_CLASS = YES_ERROR;
				CLANG_WARN__DUPLICATE_METHOD_MATCH = YES;
				"CODE_SIGN_IDENTITY[sdk=iphoneos*]" = "iPhone Developer";
				COPY_PHASE_STRIP = YES;
				ENABLE_NS_ASSERTIONS = NO;
				GCC_C_LANGUAGE_STANDARD = gnu99;
				GCC_WARN_ABOUT_RETURN_TYPE = YES_ERROR;
				GCC_WARN_UNDECLARED_SELECTOR = YES;
				GCC_WARN_UNINITIALIZED_AUTOS = YES;
				GCC_WARN_UNUSED_FUNCTION = YES;
				GCC_WARN_UNUSED_VARIABLE = YES;
				IPHONEOS_DEPLOYMENT_TARGET = 7.0;
				SDKROOT = iphoneos;
				TARGETED_DEVICE_FAMILY = "1,2";
				VALIDATE_PRODUCT = YES;
			};
			name = Release;
		};
		5CD370F7176AE39700B689AC /* Debug */ = {
			isa = XCBuildConfiguration;
			buildSettings = {
				ASSETCATALOG_COMPILER_APPICON_NAME = AppIcon;
				ASSETCATALOG_COMPILER_LAUNCHIMAGE_NAME = LaunchImage;
				GCC_PRECOMPILE_PREFIX_HEADER = YES;
				GCC_PREFIX_HEADER = "Phykids/Phykids-Prefix.pch";
				INFOPLIST_FILE = "Phykids/Phykids-Info.plist";
				IPHONEOS_DEPLOYMENT_TARGET = 7.0;
				PRODUCT_NAME = "$(TARGET_NAME)";
				TARGETED_DEVICE_FAMILY = "1,2";
				WRAPPER_EXTENSION = app;
			};
			name = Debug;
		};
		5CD370F8176AE39700B689AC /* Release */ = {
			isa = XCBuildConfiguration;
			buildSettings = {
				ASSETCATALOG_COMPILER_APPICON_NAME = AppIcon;
				ASSETCATALOG_COMPILER_LAUNCHIMAGE_NAME = LaunchImage;
				GCC_PRECOMPILE_PREFIX_HEADER = YES;
				GCC_PREFIX_HEADER = "Phykids/Phykids-Prefix.pch";
				INFOPLIST_FILE = "Phykids/Phykids-Info.plist";
				IPHONEOS_DEPLOYMENT_TARGET = 7.0;
				PRODUCT_NAME = "$(TARGET_NAME)";
				TARGETED_DEVICE_FAMILY = "1,2";
				WRAPPER_EXTENSION = app;
			};
			name = Release;
		};
		5CD370FA176AE39700B689AC /* Debug */ = {
			isa = XCBuildConfiguration;
			buildSettings = {
				BUNDLE_LOADER = "$(BUILT_PRODUCTS_DIR)/Phykids.app/Phykids";
				FRAMEWORK_SEARCH_PATHS = (
					"$(SDKROOT)/Developer/Library/Frameworks",
					"$(inherited)",
					"$(SYSTEM_APPS_DIR)/Xcode5-DP.app/Contents/Developer/Library/Frameworks",
				);
				GCC_PRECOMPILE_PREFIX_HEADER = YES;
				GCC_PREFIX_HEADER = "Phykids/Phykids-Prefix.pch";
				GCC_PREPROCESSOR_DEFINITIONS = (
					"DEBUG=1",
					"$(inherited)",
				);
				INFOPLIST_FILE = "PhykidsTests/PhykidsTests-Info.plist";
				PRODUCT_NAME = "$(TARGET_NAME)";
				TEST_HOST = "$(BUNDLE_LOADER)";
				WRAPPER_EXTENSION = xctest;
			};
			name = Debug;
		};
		5CD370FB176AE39700B689AC /* Release */ = {
			isa = XCBuildConfiguration;
			buildSettings = {
				BUNDLE_LOADER = "$(BUILT_PRODUCTS_DIR)/Phykids.app/Phykids";
				FRAMEWORK_SEARCH_PATHS = (
					"$(SDKROOT)/Developer/Library/Frameworks",
					"$(inherited)",
					"$(SYSTEM_APPS_DIR)/Xcode5-DP.app/Contents/Developer/Library/Frameworks",
				);
				GCC_PRECOMPILE_PREFIX_HEADER = YES;
				GCC_PREFIX_HEADER = "Phykids/Phykids-Prefix.pch";
				INFOPLIST_FILE = "PhykidsTests/PhykidsTests-Info.plist";
				PRODUCT_NAME = "$(TARGET_NAME)";
				TEST_HOST = "$(BUNDLE_LOADER)";
				WRAPPER_EXTENSION = xctest;
			};
			name = Release;
		};
/* End XCBuildConfiguration section */

/* Begin XCConfigurationList section */
		5CD370C5176AE39700B689AC /* Build configuration list for PBXProject "Phykids" */ = {
			isa = XCConfigurationList;
			buildConfigurations = (
				5CD370F4176AE39700B689AC /* Debug */,
				5CD370F5176AE39700B689AC /* Release */,
			);
			defaultConfigurationIsVisible = 0;
			defaultConfigurationName = Release;
		};
		5CD370F6176AE39700B689AC /* Build configuration list for PBXNativeTarget "Phykids" */ = {
			isa = XCConfigurationList;
			buildConfigurations = (
				5CD370F7176AE39700B689AC /* Debug */,
				5CD370F8176AE39700B689AC /* Release */,
			);
			defaultConfigurationIsVisible = 0;
			defaultConfigurationName = Release;
		};
		5CD370F9176AE39700B689AC /* Build configuration list for PBXNativeTarget "PhykidsTests" */ = {
			isa = XCConfigurationList;
			buildConfigurations = (
				5CD370FA176AE39700B689AC /* Debug */,
				5CD370FB176AE39700B689AC /* Release */,
			);
			defaultConfigurationIsVisible = 0;
			defaultConfigurationName = Release;
		};
/* End XCConfigurationList section */
	};
	rootObject = 5CD370C2176AE39700B689AC /* Project object */;
}
